<?xml version="1.0" encoding="utf-8"?>
<Project ToolsVersion="4.0" xmlns="http://schemas.microsoft.com/developer/msbuild/2003">
  <ItemGroup>
    <Filter Include="Lib">
      <UniqueIdentifier>{8f0639c8-9967-4b1c-a2dc-315910bd2344}</UniqueIdentifier>
    </Filter>
  </ItemGroup>
  <ItemGroup>
    <ClCompile Include="Main.cpp" />
    <ClCompile Include="Lib\Hex.cpp">
      <Filter>Lib</Filter>
    </ClCompile>
    <ClCompile Include="Lib\PE.cpp">
      <Filter>Lib</Filter>
    </ClCompile>
    <ClCompile Include="StripDebugInformation.cpp" />
  </ItemGroup>
  <ItemGroup>
    <ClInclude Include="StripDebugInformation.h" />
    <ClInclude Include="Lib\Macros.h">
      <Filter>Lib</Filter>
    </ClInclude>
    <ClInclude Include="Lib\Hex.h">
      <Filter>Lib</Filter>
    </ClInclude>
    <ClInclude Include="Lib\PE.h">
      <Filter>Lib</Filter>
    </ClInclude>
  </ItemGroup>
</Project>